
Microsoft Visual Studio Solution File, Format Version 12.00
Project("{FAE04EC0-301F-11D3-BF4B-00C04F79EFBC}") = "Task 2", "Task 2\Task 2.csproj", "{14BECF75-6263-4F43-BBCE-284901F903BF}"
EndProject
Global
	GlobalSection(SolutionConfigurationPlatforms) = preSolution
		Debug|Any CPU = Debug|Any CPU
		Release|Any CPU = Release|Any CPU
	EndGlobalSection
	GlobalSection(ProjectConfigurationPlatforms) = postSolution
		{14BECF75-6263-4F43-BBCE-284901F903BF}.Debug|Any CPU.ActiveCfg = Debug|Any CPU
		{14BECF75-6263-4F43-BBCE-284901F903BF}.Debug|Any CPU.Build.0 = Debug|Any CPU
		{14BECF75-6263-4F43-BBCE-284901F903BF}.Release|Any CPU.ActiveCfg = Release|Any CPU
		{14BECF75-6263-4F43-BBCE-284901F903BF}.Release|Any CPU.Build.0 = Release|Any CPU
	EndGlobalSection
EndGlobal
